dependencies:
- name: postgresql
  repository: https://charts.bitnami.com/bitnami
  version: 15.5.38
- name: mysql
  repository: https://charts.bitnami.com/bitnami
  version: 9.16.3
- name: redis
  repository: https://charts.bitnami.com/bitnami
  version: 18.6.1
digest: sha256:c27a2f92f46f6e1de6b40e0d0740ec4431737588cbfb72242b6ace0b00baddee
generated: "2026-09-24T01:46:19.464648+05:30"
